
Microsoft Visual Studio Solution File, Format Version 12.00
# Visual Studio Version 17
VisualStudioVersion = 17.3.32929.385
MinimumVisualStudioVersion = 10.0.40219.1
Project("{FAE04EC0-301F-11D3-BF4B-00C04F79EFBC}") = "Tracer.Core", "Tracer.Core\Tracer.Core.csproj", "{443526B5-6ACF-4CC4-BAF9-8C6E332EA22E}"
EndProject
Project("{FAE04EC0-301F-11D3-BF4B-00C04F79EFBC}") = "Tracer.Core.Tests", "Tracer.Core.Tests\Tracer.Core.Tests.csproj", "{77D0AE4A-E694-4B46-BD03-801EE7B3F2DC}"
EndProject
Project("{FAE04EC0-301F-11D3-BF4B-00C04F79EFBC}") = "Tracer.Serialization.Abstractions", "Tracer.Serialization.Abstractions\Tracer.Serialization.Abstractions.csproj", "{A4F480E2-7748-45B6-B6EE-561AE7D63B24}"
EndProject
Project("{FAE04EC0-301F-11D3-BF4B-00C04F79EFBC}") = "Tracer.Serialization", "Tracer.Serialization\Tracer.Serialization.csproj", "{1FDE6301-C6DF-498E-9BCB-D775B719F7BC}"
EndProject
Project("{FAE04EC0-301F-11D3-BF4B-00C04F79EFBC}") = "Tracer.Example", "Tracer.Example\Tracer.Example.csproj", "{A8747A2A-1043-49AB-A44D-6D803ABC7C92}"
EndProject
Global
	GlobalSection(SolutionConfigurationPlatforms) = preSolution
		Debug|Any CPU = Debug|Any CPU
		Release|Any CPU = Release|Any CPU
	EndGlobalSection
	GlobalSection(ProjectConfigurationPlatforms) = postSolution
		{443526B5-6ACF-4CC4-BAF9-8C6E332EA22E}.Debug|Any CPU.ActiveCfg = Debug|Any CPU
		{443526B5-6ACF-4CC4-BAF9-8C6E332EA22E}.Debug|Any CPU.Build.0 = Debug|Any CPU
		{443526B5-6ACF-4CC4-BAF9-8C6E332EA22E}.Release|Any CPU.ActiveCfg = Release|Any CPU
		{443526B5-6ACF-4CC4-BAF9-8C6E332EA22E}.Release|Any CPU.Build.0 = Release|Any CPU
		{77D0AE4A-E694-4B46-BD03-801EE7B3F2DC}.Debug|Any CPU.ActiveCfg = Debug|Any CPU
		{77D0AE4A-E694-4B46-BD03-801EE7B3F2DC}.Debug|Any CPU.Build.0 = Debug|Any CPU
		{77D0AE4A-E694-4B46-BD03-801EE7B3F2DC}.Release|Any CPU.ActiveCfg = Release|Any CPU
		{77D0AE4A-E694-4B46-BD03-801EE7B3F2DC}.Release|Any CPU.Build.0 = Release|Any CPU
		{A4F480E2-7748-45B6-B6EE-561AE7D63B24}.Debug|Any CPU.ActiveCfg = Debug|Any CPU
		{A4F480E2-7748-45B6-B6EE-561AE7D63B24}.Debug|Any CPU.Build.0 = Debug|Any CPU
		{A4F480E2-7748-45B6-B6EE-561AE7D63B24}.Release|Any CPU.ActiveCfg = Release|Any CPU
		{A4F480E2-7748-45B6-B6EE-561AE7D63B24}.Release|Any CPU.Build.0 = Release|Any CPU
		{1FDE6301-C6DF-498E-9BCB-D775B719F7BC}.Debug|Any CPU.ActiveCfg = Debug|Any CPU
		{1FDE6301-C6DF-498E-9BCB-D775B719F7BC}.Debug|Any CPU.Build.0 = Debug|Any CPU
		{1FDE6301-C6DF-498E-9BCB-D775B719F7BC}.Release|Any CPU.ActiveCfg = Release|Any CPU
		{1FDE6301-C6DF-498E-9BCB-D775B719F7BC}.Release|Any CPU.Build.0 = Release|Any CPU
		{A8747A2A-1043-49AB-A44D-6D803ABC7C92}.Debug|Any CPU.ActiveCfg = Debug|Any CPU
		{A8747A2A-1043-49AB-A44D-6D803ABC7C92}.Debug|Any CPU.Build.0 = Debug|Any CPU
		{A8747A2A-1043-49AB-A44D-6D803ABC7C92}.Release|Any CPU.ActiveCfg = Release|Any CPU
		{A8747A2A-1043-49AB-A44D-6D803ABC7C92}.Release|Any CPU.Build.0 = Release|Any CPU
	EndGlobalSection
	GlobalSection(SolutionProperties) = preSolution
		HideSolutionNode = FALSE
	EndGlobalSection
	GlobalSection(ExtensibilityGlobals) = postSolution
		SolutionGuid = {15CF8D4B-C9E8-4004-AC36-F2D267BAC6EB}
	EndGlobalSection
EndGlobal
